
Microsoft Visual Studio Solution File, Format Version 12.00
# Visual Studio Version 16
VisualStudioVersion = 16.0.29728.190
MinimumVisualStudioVersion = 10.0.40219.1
Project("{FAE04EC0-301F-11D3-BF4B-00C04F79EFBC}") = "TennisClubHTK.GUI", "TennisClubHTK.GUI\TennisClubHTK.GUI.csproj", "{81ED7B83-0BCC-48BE-A594-D1DBF1D1E22E}"
EndProject
Project("{FAE04EC0-301F-11D3-BF4B-00C04F79EFBC}") = "TennisClubHTK.Entities", "TennisClubHTK.Entities\TennisClubHTK.Entities.csproj", "{F720532B-35D6-4F1C-8BE8-3DD5F6115F6A}"
EndProject
Project("{FAE04EC0-301F-11D3-BF4B-00C04F79EFBC}") = "TennisClubHTK.DAL", "TennisClubHTK.DAL\TennisClubHTK.DAL.csproj", "{5950AB76-EC2D-4482-B509-2AC36182BA5A}"
EndProject
Global
	GlobalSection(SolutionConfigurationPlatforms) = preSolution
		Debug|Any CPU = Debug|Any CPU
		Release|Any CPU = Release|Any CPU
	EndGlobalSection
	GlobalSection(ProjectConfigurationPlatforms) = postSolution
		{81ED7B83-0BCC-48BE-A594-D1DBF1D1E22E}.Debug|Any CPU.ActiveCfg = Debug|Any CPU
		{81ED7B83-0BCC-48BE-A594-D1DBF1D1E22E}.Debug|Any CPU.Build.0 = Debug|Any CPU
		{81ED7B83-0BCC-48BE-A594-D1DBF1D1E22E}.Release|Any CPU.ActiveCfg = Release|Any CPU
		{81ED7B83-0BCC-48BE-A594-D1DBF1D1E22E}.Release|Any CPU.Build.0 = Release|Any CPU
		{F720532B-35D6-4F1C-8BE8-3DD5F6115F6A}.Debug|Any CPU.ActiveCfg = Debug|Any CPU
		{F720532B-35D6-4F1C-8BE8-3DD5F6115F6A}.Debug|Any CPU.Build.0 = Debug|Any CPU
		{F720532B-35D6-4F1C-8BE8-3DD5F6115F6A}.Release|Any CPU.ActiveCfg = Release|Any CPU
		{F720532B-35D6-4F1C-8BE8-3DD5F6115F6A}.Release|Any CPU.Build.0 = Release|Any CPU
		{5950AB76-EC2D-4482-B509-2AC36182BA5A}.Debug|Any CPU.ActiveCfg = Debug|Any CPU
		{5950AB76-EC2D-4482-B509-2AC36182BA5A}.Debug|Any CPU.Build.0 = Debug|Any CPU
		{5950AB76-EC2D-4482-B509-2AC36182BA5A}.Release|Any CPU.ActiveCfg = Release|Any CPU
		{5950AB76-EC2D-4482-B509-2AC36182BA5A}.Release|Any CPU.Build.0 = Release|Any CPU
	EndGlobalSection
	GlobalSection(SolutionProperties) = preSolution
		HideSolutionNode = FALSE
	EndGlobalSection
	GlobalSection(ExtensibilityGlobals) = postSolution
		SolutionGuid = {4DEC2F11-F3E0-4E28-AC77-163C8B4462FE}
	EndGlobalSection
EndGlobal
